
Microsoft Visual Studio Solution File, Format Version 12.00
# Visual Studio Version 17
VisualStudioVersion = 17.0.32112.339
MinimumVisualStudioVersion = 10.0.40219.1
Project("{FAE04EC0-301F-11D3-BF4B-00C04F79EFBC}") = "Singleton", "Singleton\Singleton.csproj", "{2FF9C7ED-3A8E-4773-9578-A52CC399403D}"
EndProject
Global
	GlobalSection(SolutionConfigurationPlatforms) = preSolution
		Debug|Any CPU = Debug|Any CPU
		Release|Any CPU = Release|Any CPU
	EndGlobalSection
	GlobalSection(ProjectConfigurationPlatforms) = postSolution
		{2FF9C7ED-3A8E-4773-9578-A52CC399403D}.Debug|Any CPU.ActiveCfg = Debug|Any CPU
		{2FF9C7ED-3A8E-4773-9578-A52CC399403D}.Debug|Any CPU.Build.0 = Debug|Any CPU
		{2FF9C7ED-3A8E-4773-9578-A52CC399403D}.Release|Any CPU.ActiveCfg = Release|Any CPU
		{2FF9C7ED-3A8E-4773-9578-A52CC399403D}.Release|Any CPU.Build.0 = Release|Any CPU
	EndGlobalSection
	GlobalSection(SolutionProperties) = preSolution
		HideSolutionNode = FALSE
	EndGlobalSection
	GlobalSection(ExtensibilityGlobals) = postSolution
		SolutionGuid = {2B6FB3B8-D158-4678-B970-4AC390F90B55}
	EndGlobalSection
EndGlobal
