
Microsoft Visual Studio Solution File, Format Version 12.00
# Visual Studio Version 16
VisualStudioVersion = 16.0.31624.102
MinimumVisualStudioVersion = 10.0.40219.1
Project("{9A19103F-16F7-4668-BE54-9A1E7A4F7556}") = "TemplateMethod", "TemplateMethod\TemplateMethod.csproj", "{640A0410-41CA-4406-B679-F6B71AD1B857}"
EndProject
Project("{FAE04EC0-301F-11D3-BF4B-00C04F79EFBC}") = "Relatorios", "Relatorios\Relatorios.csproj", "{69D88CB7-186E-44E1-91CF-27D7D8AA19DD}"
EndProject
Global
	GlobalSection(SolutionConfigurationPlatforms) = preSolution
		Debug|Any CPU = Debug|Any CPU
		Release|Any CPU = Release|Any CPU
	EndGlobalSection
	GlobalSection(ProjectConfigurationPlatforms) = postSolution
		{640A0410-41CA-4406-B679-F6B71AD1B857}.Debug|Any CPU.ActiveCfg = Debug|Any CPU
		{640A0410-41CA-4406-B679-F6B71AD1B857}.Debug|Any CPU.Build.0 = Debug|Any CPU
		{640A0410-41CA-4406-B679-F6B71AD1B857}.Release|Any CPU.ActiveCfg = Release|Any CPU
		{640A0410-41CA-4406-B679-F6B71AD1B857}.Release|Any CPU.Build.0 = Release|Any CPU
		{69D88CB7-186E-44E1-91CF-27D7D8AA19DD}.Debug|Any CPU.ActiveCfg = Debug|Any CPU
		{69D88CB7-186E-44E1-91CF-27D7D8AA19DD}.Debug|Any CPU.Build.0 = Debug|Any CPU
		{69D88CB7-186E-44E1-91CF-27D7D8AA19DD}.Release|Any CPU.ActiveCfg = Release|Any CPU
		{69D88CB7-186E-44E1-91CF-27D7D8AA19DD}.Release|Any CPU.Build.0 = Release|Any CPU
	EndGlobalSection
	GlobalSection(SolutionProperties) = preSolution
		HideSolutionNode = FALSE
	EndGlobalSection
	GlobalSection(ExtensibilityGlobals) = postSolution
		SolutionGuid = {ACB39E71-C263-45DC-A3AB-8034E9E27C92}
	EndGlobalSection
EndGlobal
