
Microsoft Visual Studio Solution File, Format Version 12.00
# Visual Studio Version 16
VisualStudioVersion = 16.0.31624.102
MinimumVisualStudioVersion = 10.0.40219.1
Project("{FAE04EC0-301F-11D3-BF4B-00C04F79EFBC}") = "ChainDescontos", "ChainDescontos\ChainDescontos.csproj", "{D8926C33-0909-400C-B133-32F1F31DCDAB}"
EndProject
Global
	GlobalSection(SolutionConfigurationPlatforms) = preSolution
		Debug|Any CPU = Debug|Any CPU
		Release|Any CPU = Release|Any CPU
	EndGlobalSection
	GlobalSection(ProjectConfigurationPlatforms) = postSolution
		{D8926C33-0909-400C-B133-32F1F31DCDAB}.Debug|Any CPU.ActiveCfg = Debug|Any CPU
		{D8926C33-0909-400C-B133-32F1F31DCDAB}.Debug|Any CPU.Build.0 = Debug|Any CPU
		{D8926C33-0909-400C-B133-32F1F31DCDAB}.Release|Any CPU.ActiveCfg = Release|Any CPU
		{D8926C33-0909-400C-B133-32F1F31DCDAB}.Release|Any CPU.Build.0 = Release|Any CPU
	EndGlobalSection
	GlobalSection(SolutionProperties) = preSolution
		HideSolutionNode = FALSE
	EndGlobalSection
	GlobalSection(ExtensibilityGlobals) = postSolution
		SolutionGuid = {6DFB0611-C526-49F1-A9F1-45F167EF24F3}
	EndGlobalSection
EndGlobal
